
Microsoft Visual Studio Solution File, Format Version 12.00
Project("{FAE04EC0-301F-11D3-BF4B-00C04F79EFBC}") = "ONYnetwork-website", "ONYnetwork-website.csproj", "{A4D6C56B-30ED-4238-821E-44FA6AC84407}"
EndProject
Global
	GlobalSection(SolutionConfigurationPlatforms) = preSolution
		Debug|Any CPU = Debug|Any CPU
		Release|Any CPU = Release|Any CPU
	EndGlobalSection
	GlobalSection(ProjectConfigurationPlatforms) = postSolution
		{A4D6C56B-30ED-4238-821E-44FA6AC84407}.Debug|Any CPU.ActiveCfg = Debug|Any CPU
		{A4D6C56B-30ED-4238-821E-44FA6AC84407}.Debug|Any CPU.Build.0 = Debug|Any CPU
		{A4D6C56B-30ED-4238-821E-44FA6AC84407}.Release|Any CPU.ActiveCfg = Release|Any CPU
		{A4D6C56B-30ED-4238-821E-44FA6AC84407}.Release|Any CPU.Build.0 = Release|Any CPU
	EndGlobalSection
EndGlobal
